
Microsoft Visual Studio Solution File, Format Version 12.00
# Visual Studio Version 17
VisualStudioVersion = 17.9.34723.18
MinimumVisualStudioVersion = 10.0.40219.1
Project("{9A19103F-16F7-4668-BE54-9A1E7A4F7556}") = "AIStoryteller", "AIStoryteller\AIStoryteller.csproj", "{69EF72EC-8E29-4534-AE8B-EFFBD2643FBE}"
EndProject
Project("{FAE04EC0-301F-11D3-BF4B-00C04F79EFBC}") = "AIStoryteller_Repository", "AIStoryteller_Repository\AIStoryteller_Repository.csproj", "{5AC9D6EB-F1CC-420F-AEAC-C380D576F7C1}"
EndProject
Global
	GlobalSection(SolutionConfigurationPlatforms) = preSolution
		Debug|Any CPU = Debug|Any CPU
		Release|Any CPU = Release|Any CPU
	EndGlobalSection
	GlobalSection(ProjectConfigurationPlatforms) = postSolution
		{69EF72EC-8E29-4534-AE8B-EFFBD2643FBE}.Debug|Any CPU.ActiveCfg = Debug|Any CPU
		{69EF72EC-8E29-4534-AE8B-EFFBD2643FBE}.Debug|Any CPU.Build.0 = Debug|Any CPU
		{69EF72EC-8E29-4534-AE8B-EFFBD2643FBE}.Release|Any CPU.ActiveCfg = Release|Any CPU
		{69EF72EC-8E29-4534-AE8B-EFFBD2643FBE}.Release|Any CPU.Build.0 = Release|Any CPU
		{5AC9D6EB-F1CC-420F-AEAC-C380D576F7C1}.Debug|Any CPU.ActiveCfg = Debug|Any CPU
		{5AC9D6EB-F1CC-420F-AEAC-C380D576F7C1}.Debug|Any CPU.Build.0 = Debug|Any CPU
		{5AC9D6EB-F1CC-420F-AEAC-C380D576F7C1}.Release|Any CPU.ActiveCfg = Release|Any CPU
		{5AC9D6EB-F1CC-420F-AEAC-C380D576F7C1}.Release|Any CPU.Build.0 = Release|Any CPU
	EndGlobalSection
	GlobalSection(SolutionProperties) = preSolution
		HideSolutionNode = FALSE
	EndGlobalSection
	GlobalSection(ExtensibilityGlobals) = postSolution
		SolutionGuid = {FD101CCD-A360-42A9-9254-C2B027B8D50E}
	EndGlobalSection
EndGlobal
